PODS:
  - Alamofire (1.3.1)
  - Bolts (1.2.0):
    - Bolts/AppLinks (= 1.2.0)
    - Bolts/Tasks (= 1.2.0)
  - Bolts/AppLinks (1.2.0):
    - Bolts/Tasks
  - Bolts/Tasks (1.2.0)
  - DZNEmptyDataSet (1.7)
  - FBSDKCoreKit (4.5.0):
    - Bolts (~> 1.1)
    - FBSDKCoreKit/arc (= 4.5.0)
    - FBSDKCoreKit/no-arc (= 4.5.0)
  - FBSDKCoreKit/arc (4.5.0):
    - Bolts (~> 1.1)
  - FBSDKCoreKit/no-arc (4.5.0):
    - Bolts (~> 1.1)
    - FBSDKCoreKit/arc
  - FBSDKLoginKit (4.5.0):
    - FBSDKCoreKit
  - Google/Analytics (1.0.7):
    - Google/Core
    - GoogleAnalytics (~> 3.12)
  - Google/Core (1.0.7):
    - GoogleNetworkingUtilities (~> 1.0)
    - GoogleSymbolUtilities (~> 1.0)
    - GoogleUtilities (~> 1.0)
  - GoogleAnalytics (3.13.0)
  - GoogleAppUtilities (1.0.0):
    - GoogleSymbolUtilities (~> 1.0)
  - GoogleAuthUtilities (1.0.1):
    - GoogleNetworkingUtilities (~> 1.0)
    - GoogleSymbolUtilities (~> 1.0)
  - GoogleMaps (1.10.1)
  - GoogleNetworkingUtilities (1.0.0):
    - GoogleSymbolUtilities (~> 1.0)
  - GoogleSignIn (2.2.0):
    - GoogleAppUtilities (~> 1)
    - GoogleAuthUtilities (~> 1)
    - GoogleNetworkingUtilities (~> 1)
    - GoogleUtilities (~> 1)
  - GoogleSymbolUtilities (1.0.0)
  - GoogleUtilities (1.0.1):
    - GoogleSymbolUtilities (~> 1.0)
  - SwiftyJSON (2.2.1)

DEPENDENCIES:
  - Alamofire (~> 1.3)
  - DZNEmptyDataSet
  - FBSDKCoreKit
  - FBSDKLoginKit
  - Google/Analytics (~> 1.0.0)
  - GoogleMaps
  - GoogleSignIn (~> 2.1)
  - SwiftyJSON (~> 2.2)

SPEC CHECKSUMS:
  Alamofire: e4ab637e3195b645c814b87a652373439e59f2a4
  Bolts: d176cb1e0012175589e389a9db49b85e27787576
  DZNEmptyDataSet: 896f8efb3b0961c5ccb59d4959ccf9280854aa3d
  FBSDKCoreKit: ba4ca18ecae56af01e1b8c4faa889ef21d68bea2
  FBSDKLoginKit: 8327c9aa7c6afd13cdcd0a6f9aebe585ed39c82a
  Google: 875f5a8ade86dd02e36586e4a54814843938c7f6
  GoogleAnalytics: fcf1f1cad57ae1a9a53520018f0f680ceeeb8b49
  GoogleAppUtilities: c01c6a5671e9da8b9d690fdaec5959d6c2aac699
  GoogleAuthUtilities: 049ffd3a297cdffd271451b82fd4e75304f15ef3
  GoogleMaps: ebf08677f181d9c2dcdbd1721d206f02beccc9b1
  GoogleNetworkingUtilities: 292992ab31b7b4ba32809a0e8b40e324cdfb2c0c
  GoogleSignIn: c45d8d1a873784a3283b4f47f331dc06d8a727b6
  GoogleSymbolUtilities: a7b0feed1fe667c8d5e647177938d0ecd62d6948
  GoogleUtilities: e3475cd4d45134221d2f3f3626095a1c49b62041
  SwiftyJSON: ae2d0a3d68025d136602a33c4ee215091ced3e33

COCOAPODS: 0.38.2
